
Microsoft Visual Studio Solution File, Format Version 12.00
# Visual Studio Version 17
VisualStudioVersion = 17.3.32804.467
MinimumVisualStudioVersion = 10.0.40219.1
Project("{9A19103F-16F7-4668-BE54-9A1E7A4F7556}") = "HelloApp", "ConsoleApp1\HelloApp.csproj", "{21C9DE81-96A7-4669-9CC0-7363E26A8189}"
EndProject
Project("{2150E333-8FDC-42A3-9474-1A3956D46DE8}") = "Chapter 1", "Chapter 1", "{AF659D9F-F4A3-4D17-9462-649F90E115B3}"
EndProject
Project("{2150E333-8FDC-42A3-9474-1A3956D46DE8}") = "Chapter 2", "Chapter 2", "{3F812B53-A61B-43C5-93BA-2F105A6F4148}"
EndProject
Project("{9A19103F-16F7-4668-BE54-9A1E7A4F7556}") = "1.ProgramStructure", "2.ProgramStructure\1.ProgramStructure.csproj", "{5B35D0BA-E7B8-44BE-A088-98DA9A137E1E}"
EndProject
Project("{9A19103F-16F7-4668-BE54-9A1E7A4F7556}") = "2.VariablesAndConstants", "2.VariablesAndConstants\2.VariablesAndConstants.csproj", "{9C978432-A93D-4008-9D18-B205B7564898}"
EndProject
Project("{9A19103F-16F7-4668-BE54-9A1E7A4F7556}") = "3.Literals", "3.Literals\3.Literals.csproj", "{25E51C75-FF07-478D-AC8D-ADFD01489579}"
EndProject
Project("{9A19103F-16F7-4668-BE54-9A1E7A4F7556}") = "4.DataTypes", "4.DataTypes\4.DataTypes.csproj", "{FFE551DF-6380-4BA6-AA35-CA2FBA4916F0}"
EndProject
Project("{9A19103F-16F7-4668-BE54-9A1E7A4F7556}") = "5.ConsoleInput-Output", "5.ConsoleInput-Output\5.ConsoleInput-Output.csproj", "{2A7E0C68-4A1D-4384-9F4F-02F29CA2CFD5}"
EndProject
Project("{9A19103F-16F7-4668-BE54-9A1E7A4F7556}") = "6.ArithmeticOperations", "6.ArithmeticOperations\6.ArithmeticOperations.csproj", "{4985E014-9B3F-4245-948E-17117D75974A}"
EndProject
Project("{FAE04EC0-301F-11D3-BF4B-00C04F79EFBC}") = "7.BitwiseOperations", "7.BitwiseOperations\7.BitwiseOperations.csproj", "{7667E363-885D-4B6E-8F18-C181BDB4F619}"
EndProject
Global
	GlobalSection(SolutionConfigurationPlatforms) = preSolution
		Debug|Any CPU = Debug|Any CPU
		Release|Any CPU = Release|Any CPU
	EndGlobalSection
	GlobalSection(ProjectConfigurationPlatforms) = postSolution
		{21C9DE81-96A7-4669-9CC0-7363E26A8189}.Debug|Any CPU.ActiveCfg = Debug|Any CPU
		{21C9DE81-96A7-4669-9CC0-7363E26A8189}.Debug|Any CPU.Build.0 = Debug|Any CPU
		{21C9DE81-96A7-4669-9CC0-7363E26A8189}.Release|Any CPU.ActiveCfg = Release|Any CPU
		{21C9DE81-96A7-4669-9CC0-7363E26A8189}.Release|Any CPU.Build.0 = Release|Any CPU
		{5B35D0BA-E7B8-44BE-A088-98DA9A137E1E}.Debug|Any CPU.ActiveCfg = Debug|Any CPU
		{5B35D0BA-E7B8-44BE-A088-98DA9A137E1E}.Debug|Any CPU.Build.0 = Debug|Any CPU
		{5B35D0BA-E7B8-44BE-A088-98DA9A137E1E}.Release|Any CPU.ActiveCfg = Release|Any CPU
		{5B35D0BA-E7B8-44BE-A088-98DA9A137E1E}.Release|Any CPU.Build.0 = Release|Any CPU
		{9C978432-A93D-4008-9D18-B205B7564898}.Debug|Any CPU.ActiveCfg = Debug|Any CPU
		{9C978432-A93D-4008-9D18-B205B7564898}.Debug|Any CPU.Build.0 = Debug|Any CPU
		{9C978432-A93D-4008-9D18-B205B7564898}.Release|Any CPU.ActiveCfg = Release|Any CPU
		{9C978432-A93D-4008-9D18-B205B7564898}.Release|Any CPU.Build.0 = Release|Any CPU
		{25E51C75-FF07-478D-AC8D-ADFD01489579}.Debug|Any CPU.ActiveCfg = Debug|Any CPU
		{25E51C75-FF07-478D-AC8D-ADFD01489579}.Debug|Any CPU.Build.0 = Debug|Any CPU
		{25E51C75-FF07-478D-AC8D-ADFD01489579}.Release|Any CPU.ActiveCfg = Release|Any CPU
		{25E51C75-FF07-478D-AC8D-ADFD01489579}.Release|Any CPU.Build.0 = Release|Any CPU
		{FFE551DF-6380-4BA6-AA35-CA2FBA4916F0}.Debug|Any CPU.ActiveCfg = Debug|Any CPU
		{FFE551DF-6380-4BA6-AA35-CA2FBA4916F0}.Debug|Any CPU.Build.0 = Debug|Any CPU
		{FFE551DF-6380-4BA6-AA35-CA2FBA4916F0}.Release|Any CPU.ActiveCfg = Release|Any CPU
		{FFE551DF-6380-4BA6-AA35-CA2FBA4916F0}.Release|Any CPU.Build.0 = Release|Any CPU
		{2A7E0C68-4A1D-4384-9F4F-02F29CA2CFD5}.Debug|Any CPU.ActiveCfg = Debug|Any CPU
		{2A7E0C68-4A1D-4384-9F4F-02F29CA2CFD5}.Debug|Any CPU.Build.0 = Debug|Any CPU
		{2A7E0C68-4A1D-4384-9F4F-02F29CA2CFD5}.Release|Any CPU.ActiveCfg = Release|Any CPU
		{2A7E0C68-4A1D-4384-9F4F-02F29CA2CFD5}.Release|Any CPU.Build.0 = Release|Any CPU
		{4985E014-9B3F-4245-948E-17117D75974A}.Debug|Any CPU.ActiveCfg = Debug|Any CPU
		{4985E014-9B3F-4245-948E-17117D75974A}.Debug|Any CPU.Build.0 = Debug|Any CPU
		{4985E014-9B3F-4245-948E-17117D75974A}.Release|Any CPU.ActiveCfg = Release|Any CPU
		{4985E014-9B3F-4245-948E-17117D75974A}.Release|Any CPU.Build.0 = Release|Any CPU
		{7667E363-885D-4B6E-8F18-C181BDB4F619}.Debug|Any CPU.ActiveCfg = Debug|Any CPU
		{7667E363-885D-4B6E-8F18-C181BDB4F619}.Debug|Any CPU.Build.0 = Debug|Any CPU
		{7667E363-885D-4B6E-8F18-C181BDB4F619}.Release|Any CPU.ActiveCfg = Release|Any CPU
		{7667E363-885D-4B6E-8F18-C181BDB4F619}.Release|Any CPU.Build.0 = Release|Any CPU
	EndGlobalSection
	GlobalSection(SolutionProperties) = preSolution
		HideSolutionNode = FALSE
	EndGlobalSection
	GlobalSection(NestedProjects) = preSolution
		{21C9DE81-96A7-4669-9CC0-7363E26A8189} = {AF659D9F-F4A3-4D17-9462-649F90E115B3}
		{5B35D0BA-E7B8-44BE-A088-98DA9A137E1E} = {3F812B53-A61B-43C5-93BA-2F105A6F4148}
		{9C978432-A93D-4008-9D18-B205B7564898} = {3F812B53-A61B-43C5-93BA-2F105A6F4148}
		{25E51C75-FF07-478D-AC8D-ADFD01489579} = {3F812B53-A61B-43C5-93BA-2F105A6F4148}
		{FFE551DF-6380-4BA6-AA35-CA2FBA4916F0} = {3F812B53-A61B-43C5-93BA-2F105A6F4148}
		{2A7E0C68-4A1D-4384-9F4F-02F29CA2CFD5} = {3F812B53-A61B-43C5-93BA-2F105A6F4148}
		{4985E014-9B3F-4245-948E-17117D75974A} = {3F812B53-A61B-43C5-93BA-2F105A6F4148}
		{7667E363-885D-4B6E-8F18-C181BDB4F619} = {3F812B53-A61B-43C5-93BA-2F105A6F4148}
	EndGlobalSection
	GlobalSection(ExtensibilityGlobals) = postSolution
		SolutionGuid = {1D13D9FA-6E75-4A62-83BE-E9C2D854EC55}
	EndGlobalSection
EndGlobal
