
Microsoft Visual Studio Solution File, Format Version 12.00
# Visual Studio Version 17
VisualStudioVersion = 17.3.32804.467
MinimumVisualStudioVersion = 10.0.40219.1
Project("{9A19103F-16F7-4668-BE54-9A1E7A4F7556}") = "HelloApp", "ConsoleApp1\HelloApp.csproj", "{21C9DE81-96A7-4669-9CC0-7363E26A8189}"
EndProject
Project("{2150E333-8FDC-42A3-9474-1A3956D46DE8}") = "Chapter 1", "Chapter 1", "{AF659D9F-F4A3-4D17-9462-649F90E115B3}"
EndProject
Project("{2150E333-8FDC-42A3-9474-1A3956D46DE8}") = "Chapter 2", "Chapter 2", "{3F812B53-A61B-43C5-93BA-2F105A6F4148}"
EndProject
Project("{9A19103F-16F7-4668-BE54-9A1E7A4F7556}") = "1.ProgramStructure", "2.ProgramStructure\1.ProgramStructure.csproj", "{5B35D0BA-E7B8-44BE-A088-98DA9A137E1E}"
EndProject
Project("{9A19103F-16F7-4668-BE54-9A1E7A4F7556}") = "2.VariablesAndConstants", "2.VariablesAndConstants\2.VariablesAndConstants.csproj", "{9C978432-A93D-4008-9D18-B205B7564898}"
EndProject
Project("{9A19103F-16F7-4668-BE54-9A1E7A4F7556}") = "3.Literals", "3.Literals\3.Literals.csproj", "{25E51C75-FF07-478D-AC8D-ADFD01489579}"
EndProject
Project("{9A19103F-16F7-4668-BE54-9A1E7A4F7556}") = "4.DataTypes", "4.DataTypes\4.DataTypes.csproj", "{FFE551DF-6380-4BA6-AA35-CA2FBA4916F0}"
EndProject
Project("{9A19103F-16F7-4668-BE54-9A1E7A4F7556}") = "5.ConsoleInput-Output", "5.ConsoleInput-Output\5.ConsoleInput-Output.csproj", "{2A7E0C68-4A1D-4384-9F4F-02F29CA2CFD5}"
EndProject
Project("{9A19103F-16F7-4668-BE54-9A1E7A4F7556}") = "6.ArithmeticOperations", "6.ArithmeticOperations\6.ArithmeticOperations.csproj", "{4985E014-9B3F-4245-948E-17117D75974A}"
EndProject
Project("{9A19103F-16F7-4668-BE54-9A1E7A4F7556}") = "7.BitwiseOperations", "7.BitwiseOperations\7.BitwiseOperations.csproj", "{7667E363-885D-4B6E-8F18-C181BDB4F619}"
EndProject
Project("{9A19103F-16F7-4668-BE54-9A1E7A4F7556}") = "8.AssignmentOperations", "8.AssignmentOperations\8.AssignmentOperations.csproj", "{D52974DB-13EC-44C0-ADD0-8673B590B334}"
EndProject
Project("{9A19103F-16F7-4668-BE54-9A1E7A4F7556}") = "9.BasicDataTypeConversions", "9.BasicDataTypeConversions\9.BasicDataTypeConversions.csproj", "{B0958520-8C3D-4875-ADDC-55BB9888C9FD}"
EndProject
Project("{9A19103F-16F7-4668-BE54-9A1E7A4F7556}") = "10.ConditionalExpressions", "10.ConditionalExpressions\10.ConditionalExpressions.csproj", "{29C45B98-442B-4179-A4C1-36C8225451B8}"
EndProject
Project("{9A19103F-16F7-4668-BE54-9A1E7A4F7556}") = "11.ConstructIfElse", "11.ConstructIfElse\11.ConstructIfElse.csproj", "{9693605E-1E41-4BC0-9BE0-DCC158DFE7C1}"
EndProject
Project("{9A19103F-16F7-4668-BE54-9A1E7A4F7556}") = "11.1Exercise", "11.1Exercise\11.1Exercise.csproj", "{79618C98-C18C-4B9F-94BF-708DD3C3AD72}"
EndProject
Project("{9A19103F-16F7-4668-BE54-9A1E7A4F7556}") = "11.2Exercise", "11.2Exercise\11.2Exercise.csproj", "{4E23E65A-71A1-4393-9ACC-03F35B78EAC4}"
EndProject
Project("{9A19103F-16F7-4668-BE54-9A1E7A4F7556}") = "11.3Exercise", "11.3Exercise\11.3Exercise.csproj", "{06952D5A-1AAE-48F1-BEFF-D61B1248B93C}"
EndProject
Project("{9A19103F-16F7-4668-BE54-9A1E7A4F7556}") = "11.4Exercise", "11.4Exercise\11.4Exercise.csproj", "{6FB33808-0DA5-49B1-A939-815121C2D45F}"
EndProject
Project("{9A19103F-16F7-4668-BE54-9A1E7A4F7556}") = "11.5Exercise", "11.5Exercise\11.5Exercise.csproj", "{7530A484-9099-4769-8160-BCED0ACC3BA5}"
EndProject
Project("{9A19103F-16F7-4668-BE54-9A1E7A4F7556}") = "11.6Exercise", "11.6Exercise\11.6Exercise.csproj", "{FBF1D130-5ACC-4534-9071-0D6953EE62D0}"
EndProject
Project("{9A19103F-16F7-4668-BE54-9A1E7A4F7556}") = "11.7Exercise", "11.7Exercise\11.7Exercise.csproj", "{517C76D3-DFC5-4055-BF70-4B49F5DE342F}"
EndProject
Project("{2150E333-8FDC-42A3-9474-1A3956D46DE8}") = "Exercises", "Exercises", "{5A9E4A37-BA40-44A6-97AE-7812620FF4B1}"
EndProject
Project("{9A19103F-16F7-4668-BE54-9A1E7A4F7556}") = "12.Cycles", "12.Cycles\12.Cycles.csproj", "{2A009F3E-1D4B-4AFF-94A1-3CA3FBF1EC1A}"
EndProject
Project("{FAE04EC0-301F-11D3-BF4B-00C04F79EFBC}") = "12.1Exercise", "12.1Exercise\12.1Exercise.csproj", "{3D4047E2-2684-4725-8691-E8E19EE27462}"
EndProject
Project("{FAE04EC0-301F-11D3-BF4B-00C04F79EFBC}") = "12.2Exercise", "12.2Exercise\12.2Exercise.csproj", "{64BE3AE2-B5C6-47BC-87DC-5941D7F47941}"
EndProject
Project("{FAE04EC0-301F-11D3-BF4B-00C04F79EFBC}") = "12.3Exercise", "12.3Exercise\12.3Exercise.csproj", "{1D64EB69-35B4-4723-9776-D1528932BBE4}"
EndProject
Project("{FAE04EC0-301F-11D3-BF4B-00C04F79EFBC}") = "12.4Exercise", "12.4Exercise\12.4Exercise.csproj", "{B4122AF3-D779-4F35-A1E0-6162D3E1EC0B}"
EndProject
Global
	GlobalSection(SolutionConfigurationPlatforms) = preSolution
		Debug|Any CPU = Debug|Any CPU
		Release|Any CPU = Release|Any CPU
	EndGlobalSection
	GlobalSection(ProjectConfigurationPlatforms) = postSolution
		{21C9DE81-96A7-4669-9CC0-7363E26A8189}.Debug|Any CPU.ActiveCfg = Debug|Any CPU
		{21C9DE81-96A7-4669-9CC0-7363E26A8189}.Debug|Any CPU.Build.0 = Debug|Any CPU
		{21C9DE81-96A7-4669-9CC0-7363E26A8189}.Release|Any CPU.ActiveCfg = Release|Any CPU
		{21C9DE81-96A7-4669-9CC0-7363E26A8189}.Release|Any CPU.Build.0 = Release|Any CPU
		{5B35D0BA-E7B8-44BE-A088-98DA9A137E1E}.Debug|Any CPU.ActiveCfg = Debug|Any CPU
		{5B35D0BA-E7B8-44BE-A088-98DA9A137E1E}.Debug|Any CPU.Build.0 = Debug|Any CPU
		{5B35D0BA-E7B8-44BE-A088-98DA9A137E1E}.Release|Any CPU.ActiveCfg = Release|Any CPU
		{5B35D0BA-E7B8-44BE-A088-98DA9A137E1E}.Release|Any CPU.Build.0 = Release|Any CPU
		{9C978432-A93D-4008-9D18-B205B7564898}.Debug|Any CPU.ActiveCfg = Debug|Any CPU
		{9C978432-A93D-4008-9D18-B205B7564898}.Debug|Any CPU.Build.0 = Debug|Any CPU
		{9C978432-A93D-4008-9D18-B205B7564898}.Release|Any CPU.ActiveCfg = Release|Any CPU
		{9C978432-A93D-4008-9D18-B205B7564898}.Release|Any CPU.Build.0 = Release|Any CPU
		{25E51C75-FF07-478D-AC8D-ADFD01489579}.Debug|Any CPU.ActiveCfg = Debug|Any CPU
		{25E51C75-FF07-478D-AC8D-ADFD01489579}.Debug|Any CPU.Build.0 = Debug|Any CPU
		{25E51C75-FF07-478D-AC8D-ADFD01489579}.Release|Any CPU.ActiveCfg = Release|Any CPU
		{25E51C75-FF07-478D-AC8D-ADFD01489579}.Release|Any CPU.Build.0 = Release|Any CPU
		{FFE551DF-6380-4BA6-AA35-CA2FBA4916F0}.Debug|Any CPU.ActiveCfg = Debug|Any CPU
		{FFE551DF-6380-4BA6-AA35-CA2FBA4916F0}.Debug|Any CPU.Build.0 = Debug|Any CPU
		{FFE551DF-6380-4BA6-AA35-CA2FBA4916F0}.Release|Any CPU.ActiveCfg = Release|Any CPU
		{FFE551DF-6380-4BA6-AA35-CA2FBA4916F0}.Release|Any CPU.Build.0 = Release|Any CPU
		{2A7E0C68-4A1D-4384-9F4F-02F29CA2CFD5}.Debug|Any CPU.ActiveCfg = Debug|Any CPU
		{2A7E0C68-4A1D-4384-9F4F-02F29CA2CFD5}.Debug|Any CPU.Build.0 = Debug|Any CPU
		{2A7E0C68-4A1D-4384-9F4F-02F29CA2CFD5}.Release|Any CPU.ActiveCfg = Release|Any CPU
		{2A7E0C68-4A1D-4384-9F4F-02F29CA2CFD5}.Release|Any CPU.Build.0 = Release|Any CPU
		{4985E014-9B3F-4245-948E-17117D75974A}.Debug|Any CPU.ActiveCfg = Debug|Any CPU
		{4985E014-9B3F-4245-948E-17117D75974A}.Debug|Any CPU.Build.0 = Debug|Any CPU
		{4985E014-9B3F-4245-948E-17117D75974A}.Release|Any CPU.ActiveCfg = Release|Any CPU
		{4985E014-9B3F-4245-948E-17117D75974A}.Release|Any CPU.Build.0 = Release|Any CPU
		{7667E363-885D-4B6E-8F18-C181BDB4F619}.Debug|Any CPU.ActiveCfg = Debug|Any CPU
		{7667E363-885D-4B6E-8F18-C181BDB4F619}.Debug|Any CPU.Build.0 = Debug|Any CPU
		{7667E363-885D-4B6E-8F18-C181BDB4F619}.Release|Any CPU.ActiveCfg = Release|Any CPU
		{7667E363-885D-4B6E-8F18-C181BDB4F619}.Release|Any CPU.Build.0 = Release|Any CPU
		{D52974DB-13EC-44C0-ADD0-8673B590B334}.Debug|Any CPU.ActiveCfg = Debug|Any CPU
		{D52974DB-13EC-44C0-ADD0-8673B590B334}.Debug|Any CPU.Build.0 = Debug|Any CPU
		{D52974DB-13EC-44C0-ADD0-8673B590B334}.Release|Any CPU.ActiveCfg = Release|Any CPU
		{D52974DB-13EC-44C0-ADD0-8673B590B334}.Release|Any CPU.Build.0 = Release|Any CPU
		{B0958520-8C3D-4875-ADDC-55BB9888C9FD}.Debug|Any CPU.ActiveCfg = Debug|Any CPU
		{B0958520-8C3D-4875-ADDC-55BB9888C9FD}.Debug|Any CPU.Build.0 = Debug|Any CPU
		{B0958520-8C3D-4875-ADDC-55BB9888C9FD}.Release|Any CPU.ActiveCfg = Release|Any CPU
		{B0958520-8C3D-4875-ADDC-55BB9888C9FD}.Release|Any CPU.Build.0 = Release|Any CPU
		{29C45B98-442B-4179-A4C1-36C8225451B8}.Debug|Any CPU.ActiveCfg = Debug|Any CPU
		{29C45B98-442B-4179-A4C1-36C8225451B8}.Debug|Any CPU.Build.0 = Debug|Any CPU
		{29C45B98-442B-4179-A4C1-36C8225451B8}.Release|Any CPU.ActiveCfg = Release|Any CPU
		{29C45B98-442B-4179-A4C1-36C8225451B8}.Release|Any CPU.Build.0 = Release|Any CPU
		{9693605E-1E41-4BC0-9BE0-DCC158DFE7C1}.Debug|Any CPU.ActiveCfg = Debug|Any CPU
		{9693605E-1E41-4BC0-9BE0-DCC158DFE7C1}.Debug|Any CPU.Build.0 = Debug|Any CPU
		{9693605E-1E41-4BC0-9BE0-DCC158DFE7C1}.Release|Any CPU.ActiveCfg = Release|Any CPU
		{9693605E-1E41-4BC0-9BE0-DCC158DFE7C1}.Release|Any CPU.Build.0 = Release|Any CPU
		{79618C98-C18C-4B9F-94BF-708DD3C3AD72}.Debug|Any CPU.ActiveCfg = Debug|Any CPU
		{79618C98-C18C-4B9F-94BF-708DD3C3AD72}.Debug|Any CPU.Build.0 = Debug|Any CPU
		{79618C98-C18C-4B9F-94BF-708DD3C3AD72}.Release|Any CPU.ActiveCfg = Release|Any CPU
		{79618C98-C18C-4B9F-94BF-708DD3C3AD72}.Release|Any CPU.Build.0 = Release|Any CPU
		{4E23E65A-71A1-4393-9ACC-03F35B78EAC4}.Debug|Any CPU.ActiveCfg = Debug|Any CPU
		{4E23E65A-71A1-4393-9ACC-03F35B78EAC4}.Debug|Any CPU.Build.0 = Debug|Any CPU
		{4E23E65A-71A1-4393-9ACC-03F35B78EAC4}.Release|Any CPU.ActiveCfg = Release|Any CPU
		{4E23E65A-71A1-4393-9ACC-03F35B78EAC4}.Release|Any CPU.Build.0 = Release|Any CPU
		{06952D5A-1AAE-48F1-BEFF-D61B1248B93C}.Debug|Any CPU.ActiveCfg = Debug|Any CPU
		{06952D5A-1AAE-48F1-BEFF-D61B1248B93C}.Debug|Any CPU.Build.0 = Debug|Any CPU
		{06952D5A-1AAE-48F1-BEFF-D61B1248B93C}.Release|Any CPU.ActiveCfg = Release|Any CPU
		{06952D5A-1AAE-48F1-BEFF-D61B1248B93C}.Release|Any CPU.Build.0 = Release|Any CPU
		{6FB33808-0DA5-49B1-A939-815121C2D45F}.Debug|Any CPU.ActiveCfg = Debug|Any CPU
		{6FB33808-0DA5-49B1-A939-815121C2D45F}.Debug|Any CPU.Build.0 = Debug|Any CPU
		{6FB33808-0DA5-49B1-A939-815121C2D45F}.Release|Any CPU.ActiveCfg = Release|Any CPU
		{6FB33808-0DA5-49B1-A939-815121C2D45F}.Release|Any CPU.Build.0 = Release|Any CPU
		{7530A484-9099-4769-8160-BCED0ACC3BA5}.Debug|Any CPU.ActiveCfg = Debug|Any CPU
		{7530A484-9099-4769-8160-BCED0ACC3BA5}.Debug|Any CPU.Build.0 = Debug|Any CPU
		{7530A484-9099-4769-8160-BCED0ACC3BA5}.Release|Any CPU.ActiveCfg = Release|Any CPU
		{7530A484-9099-4769-8160-BCED0ACC3BA5}.Release|Any CPU.Build.0 = Release|Any CPU
		{FBF1D130-5ACC-4534-9071-0D6953EE62D0}.Debug|Any CPU.ActiveCfg = Debug|Any CPU
		{FBF1D130-5ACC-4534-9071-0D6953EE62D0}.Debug|Any CPU.Build.0 = Debug|Any CPU
		{FBF1D130-5ACC-4534-9071-0D6953EE62D0}.Release|Any CPU.ActiveCfg = Release|Any CPU
		{FBF1D130-5ACC-4534-9071-0D6953EE62D0}.Release|Any CPU.Build.0 = Release|Any CPU
		{517C76D3-DFC5-4055-BF70-4B49F5DE342F}.Debug|Any CPU.ActiveCfg = Debug|Any CPU
		{517C76D3-DFC5-4055-BF70-4B49F5DE342F}.Debug|Any CPU.Build.0 = Debug|Any CPU
		{517C76D3-DFC5-4055-BF70-4B49F5DE342F}.Release|Any CPU.ActiveCfg = Release|Any CPU
		{517C76D3-DFC5-4055-BF70-4B49F5DE342F}.Release|Any CPU.Build.0 = Release|Any CPU
		{2A009F3E-1D4B-4AFF-94A1-3CA3FBF1EC1A}.Debug|Any CPU.ActiveCfg = Debug|Any CPU
		{2A009F3E-1D4B-4AFF-94A1-3CA3FBF1EC1A}.Debug|Any CPU.Build.0 = Debug|Any CPU
		{2A009F3E-1D4B-4AFF-94A1-3CA3FBF1EC1A}.Release|Any CPU.ActiveCfg = Release|Any CPU
		{2A009F3E-1D4B-4AFF-94A1-3CA3FBF1EC1A}.Release|Any CPU.Build.0 = Release|Any CPU
		{3D4047E2-2684-4725-8691-E8E19EE27462}.Debug|Any CPU.ActiveCfg = Debug|Any CPU
		{3D4047E2-2684-4725-8691-E8E19EE27462}.Debug|Any CPU.Build.0 = Debug|Any CPU
		{3D4047E2-2684-4725-8691-E8E19EE27462}.Release|Any CPU.ActiveCfg = Release|Any CPU
		{3D4047E2-2684-4725-8691-E8E19EE27462}.Release|Any CPU.Build.0 = Release|Any CPU
		{64BE3AE2-B5C6-47BC-87DC-5941D7F47941}.Debug|Any CPU.ActiveCfg = Debug|Any CPU
		{64BE3AE2-B5C6-47BC-87DC-5941D7F47941}.Debug|Any CPU.Build.0 = Debug|Any CPU
		{64BE3AE2-B5C6-47BC-87DC-5941D7F47941}.Release|Any CPU.ActiveCfg = Release|Any CPU
		{64BE3AE2-B5C6-47BC-87DC-5941D7F47941}.Release|Any CPU.Build.0 = Release|Any CPU
		{1D64EB69-35B4-4723-9776-D1528932BBE4}.Debug|Any CPU.ActiveCfg = Debug|Any CPU
		{1D64EB69-35B4-4723-9776-D1528932BBE4}.Debug|Any CPU.Build.0 = Debug|Any CPU
		{1D64EB69-35B4-4723-9776-D1528932BBE4}.Release|Any CPU.ActiveCfg = Release|Any CPU
		{1D64EB69-35B4-4723-9776-D1528932BBE4}.Release|Any CPU.Build.0 = Release|Any CPU
		{B4122AF3-D779-4F35-A1E0-6162D3E1EC0B}.Debug|Any CPU.ActiveCfg = Debug|Any CPU
		{B4122AF3-D779-4F35-A1E0-6162D3E1EC0B}.Debug|Any CPU.Build.0 = Debug|Any CPU
		{B4122AF3-D779-4F35-A1E0-6162D3E1EC0B}.Release|Any CPU.ActiveCfg = Release|Any CPU
		{B4122AF3-D779-4F35-A1E0-6162D3E1EC0B}.Release|Any CPU.Build.0 = Release|Any CPU
	EndGlobalSection
	GlobalSection(SolutionProperties) = preSolution
		HideSolutionNode = FALSE
	EndGlobalSection
	GlobalSection(NestedProjects) = preSolution
		{21C9DE81-96A7-4669-9CC0-7363E26A8189} = {AF659D9F-F4A3-4D17-9462-649F90E115B3}
		{5B35D0BA-E7B8-44BE-A088-98DA9A137E1E} = {3F812B53-A61B-43C5-93BA-2F105A6F4148}
		{9C978432-A93D-4008-9D18-B205B7564898} = {3F812B53-A61B-43C5-93BA-2F105A6F4148}
		{25E51C75-FF07-478D-AC8D-ADFD01489579} = {3F812B53-A61B-43C5-93BA-2F105A6F4148}
		{FFE551DF-6380-4BA6-AA35-CA2FBA4916F0} = {3F812B53-A61B-43C5-93BA-2F105A6F4148}
		{2A7E0C68-4A1D-4384-9F4F-02F29CA2CFD5} = {3F812B53-A61B-43C5-93BA-2F105A6F4148}
		{4985E014-9B3F-4245-948E-17117D75974A} = {3F812B53-A61B-43C5-93BA-2F105A6F4148}
		{7667E363-885D-4B6E-8F18-C181BDB4F619} = {3F812B53-A61B-43C5-93BA-2F105A6F4148}
		{D52974DB-13EC-44C0-ADD0-8673B590B334} = {3F812B53-A61B-43C5-93BA-2F105A6F4148}
		{B0958520-8C3D-4875-ADDC-55BB9888C9FD} = {3F812B53-A61B-43C5-93BA-2F105A6F4148}
		{29C45B98-442B-4179-A4C1-36C8225451B8} = {3F812B53-A61B-43C5-93BA-2F105A6F4148}
		{9693605E-1E41-4BC0-9BE0-DCC158DFE7C1} = {3F812B53-A61B-43C5-93BA-2F105A6F4148}
		{79618C98-C18C-4B9F-94BF-708DD3C3AD72} = {5A9E4A37-BA40-44A6-97AE-7812620FF4B1}
		{4E23E65A-71A1-4393-9ACC-03F35B78EAC4} = {5A9E4A37-BA40-44A6-97AE-7812620FF4B1}
		{06952D5A-1AAE-48F1-BEFF-D61B1248B93C} = {5A9E4A37-BA40-44A6-97AE-7812620FF4B1}
		{6FB33808-0DA5-49B1-A939-815121C2D45F} = {5A9E4A37-BA40-44A6-97AE-7812620FF4B1}
		{7530A484-9099-4769-8160-BCED0ACC3BA5} = {5A9E4A37-BA40-44A6-97AE-7812620FF4B1}
		{FBF1D130-5ACC-4534-9071-0D6953EE62D0} = {5A9E4A37-BA40-44A6-97AE-7812620FF4B1}
		{517C76D3-DFC5-4055-BF70-4B49F5DE342F} = {5A9E4A37-BA40-44A6-97AE-7812620FF4B1}
		{5A9E4A37-BA40-44A6-97AE-7812620FF4B1} = {3F812B53-A61B-43C5-93BA-2F105A6F4148}
		{2A009F3E-1D4B-4AFF-94A1-3CA3FBF1EC1A} = {3F812B53-A61B-43C5-93BA-2F105A6F4148}
		{3D4047E2-2684-4725-8691-E8E19EE27462} = {5A9E4A37-BA40-44A6-97AE-7812620FF4B1}
		{64BE3AE2-B5C6-47BC-87DC-5941D7F47941} = {5A9E4A37-BA40-44A6-97AE-7812620FF4B1}
		{1D64EB69-35B4-4723-9776-D1528932BBE4} = {5A9E4A37-BA40-44A6-97AE-7812620FF4B1}
		{B4122AF3-D779-4F35-A1E0-6162D3E1EC0B} = {5A9E4A37-BA40-44A6-97AE-7812620FF4B1}
	EndGlobalSection
	GlobalSection(ExtensibilityGlobals) = postSolution
		SolutionGuid = {1D13D9FA-6E75-4A62-83BE-E9C2D854EC55}
	EndGlobalSection
EndGlobal
